
Microsoft Visual Studio Solution File, Format Version 12.00
# Visual Studio Version 16
VisualStudioVersion = 16.0.31829.152
MinimumVisualStudioVersion = 10.0.40219.1
Project("{FAE04EC0-301F-11D3-BF4B-00C04F79EFBC}") = "Ex1Client", "Ex1Client\Ex1Client.csproj", "{756DDD57-2667-449C-AB67-B672E2B9A540}"
EndProject
Global
	GlobalSection(SolutionConfigurationPlatforms) = preSolution
		Debug|Any CPU = Debug|Any CPU
		Release|Any CPU = Release|Any CPU
	EndGlobalSection
	GlobalSection(ProjectConfigurationPlatforms) = postSolution
		{756DDD57-2667-449C-AB67-B672E2B9A540}.Debug|Any CPU.ActiveCfg = Debug|Any CPU
		{756DDD57-2667-449C-AB67-B672E2B9A540}.Debug|Any CPU.Build.0 = Debug|Any CPU
		{756DDD57-2667-449C-AB67-B672E2B9A540}.Release|Any CPU.ActiveCfg = Release|Any CPU
		{756DDD57-2667-449C-AB67-B672E2B9A540}.Release|Any CPU.Build.0 = Release|Any CPU
	EndGlobalSection
	GlobalSection(SolutionProperties) = preSolution
		HideSolutionNode = FALSE
	EndGlobalSection
	GlobalSection(ExtensibilityGlobals) = postSolution
		SolutionGuid = {E97E45D5-A242-4F8D-AD31-D4138E16AF95}
	EndGlobalSection
EndGlobal
