
Microsoft Visual Studio Solution File, Format Version 12.00
# Visual Studio Version 16
VisualStudioVersion = 16.0.31515.178
MinimumVisualStudioVersion = 10.0.40219.1
Project("{FAE04EC0-301F-11D3-BF4B-00C04F79EFBC}") = "Ex1Server", "Ex1Server\Ex1Server.csproj", "{08AA2300-7E96-43E8-A993-C08C4889CA88}"
EndProject
Global
	GlobalSection(SolutionConfigurationPlatforms) = preSolution
		Debug|Any CPU = Debug|Any CPU
		Release|Any CPU = Release|Any CPU
	EndGlobalSection
	GlobalSection(ProjectConfigurationPlatforms) = postSolution
		{08AA2300-7E96-43E8-A993-C08C4889CA88}.Debug|Any CPU.ActiveCfg = Debug|Any CPU
		{08AA2300-7E96-43E8-A993-C08C4889CA88}.Debug|Any CPU.Build.0 = Debug|Any CPU
		{08AA2300-7E96-43E8-A993-C08C4889CA88}.Release|Any CPU.ActiveCfg = Release|Any CPU
		{08AA2300-7E96-43E8-A993-C08C4889CA88}.Release|Any CPU.Build.0 = Release|Any CPU
	EndGlobalSection
	GlobalSection(SolutionProperties) = preSolution
		HideSolutionNode = FALSE
	EndGlobalSection
	GlobalSection(ExtensibilityGlobals) = postSolution
		SolutionGuid = {AD148053-3965-471B-B192-ADFD9E963197}
	EndGlobalSection
EndGlobal
